
Microsoft Visual Studio Solution File, Format Version 12.00
# Visual Studio Version 16
VisualStudioVersion = 16.0.30320.27
MinimumVisualStudioVersion = 10.0.40219.1
Project("{FAE04EC0-301F-11D3-BF4B-00C04F79EFBC}") = "TPI NewWare", "TPI NewWare.csproj", "{146582B9-5E02-4ED2-B6F0-458C5D0FA205}"
EndProject
Global
	GlobalSection(SolutionConfigurationPlatforms) = preSolution
		Debug|Any CPU = Debug|Any CPU
		Release|Any CPU = Release|Any CPU
	EndGlobalSection
	GlobalSection(ProjectConfigurationPlatforms) = postSolution
		{146582B9-5E02-4ED2-B6F0-458C5D0FA205}.Debug|Any CPU.ActiveCfg = Debug|Any CPU
		{146582B9-5E02-4ED2-B6F0-458C5D0FA205}.Debug|Any CPU.Build.0 = Debug|Any CPU
		{146582B9-5E02-4ED2-B6F0-458C5D0FA205}.Release|Any CPU.ActiveCfg = Release|Any CPU
		{146582B9-5E02-4ED2-B6F0-458C5D0FA205}.Release|Any CPU.Build.0 = Release|Any CPU
	EndGlobalSection
	GlobalSection(SolutionProperties) = preSolution
		HideSolutionNode = FALSE
	EndGlobalSection
	GlobalSection(ExtensibilityGlobals) = postSolution
		SolutionGuid = {C11A449E-E7B3-49DA-A1C5-C0A69AFB6D47}
	EndGlobalSection
EndGlobal
