
Microsoft Visual Studio Solution File, Format Version 12.00
# Visual Studio Version 16
VisualStudioVersion = 16.0.30320.27
MinimumVisualStudioVersion = 10.0.40219.1
Project("{FAE04EC0-301F-11D3-BF4B-00C04F79EFBC}") = "TPI NewWare", "TPI NewWare.csproj", "{19629CA3-5723-4B75-B5C6-D63C5623001E}"
EndProject
Global
	GlobalSection(SolutionConfigurationPlatforms) = preSolution
		Debug|Any CPU = Debug|Any CPU
		Release|Any CPU = Release|Any CPU
	EndGlobalSection
	GlobalSection(ProjectConfigurationPlatforms) = postSolution
		{19629CA3-5723-4B75-B5C6-D63C5623001E}.Debug|Any CPU.ActiveCfg = Debug|Any CPU
		{19629CA3-5723-4B75-B5C6-D63C5623001E}.Debug|Any CPU.Build.0 = Debug|Any CPU
		{19629CA3-5723-4B75-B5C6-D63C5623001E}.Release|Any CPU.ActiveCfg = Release|Any CPU
		{19629CA3-5723-4B75-B5C6-D63C5623001E}.Release|Any CPU.Build.0 = Release|Any CPU
	EndGlobalSection
	GlobalSection(SolutionProperties) = preSolution
		HideSolutionNode = FALSE
	EndGlobalSection
	GlobalSection(ExtensibilityGlobals) = postSolution
		SolutionGuid = {64B5AACB-8B01-4CAB-BCA2-12DBAE7A551F}
	EndGlobalSection
EndGlobal
